// !$*UTF8*$!
{
	archiveVersion = 1;
	classes = {
	};
	objectVersion = 50;
	objects = {

/* Begin PBXBuildFile section */
		3000900922C454E50067A1D5 /* LinkList_61_Rotate_List.swift in Sources */ = {isa = PBXBuildFile; fileRef = 3000900822C454E50067A1D5 /* LinkList_61_Rotate_List.swift */; };
		3000900B22C463170067A1D5 /* LinkLIst_82_Remove_Duplicates_from_Sorted_List.swift in Sources */ = {isa = PBXBuildFile; fileRef = 3000900A22C463170067A1D5 /* LinkLIst_82_Remove_Duplicates_from_Sorted_List.swift */; };
		3000900D22C492A40067A1D5 /* LinkList_83_Remove_Duplicates_from_Sorted_List.swift in Sources */ = {isa = PBXBuildFile; fileRef = 3000900C22C492A40067A1D5 /* LinkList_83_Remove_Duplicates_from_Sorted_List.swift */; };
		3000900F22C494380067A1D5 /* LinkList_86_Partition_List.swift in Sources */ = {isa = PBXBuildFile; fileRef = 3000900E22C494380067A1D5 /* LinkList_86_Partition_List.swift */; };
		3000901122C49CE60067A1D5 /* LinkList_92_Reverse_Linked_List.swift in Sources */ = {isa = PBXBuildFile; fileRef = 3000901022C49CE60067A1D5 /* LinkList_92_Reverse_Linked_List.swift */; };
		3000901322C4B14F0067A1D5 /* LinkList_109_Convert_Sorted_List_to_Binary_Search_Tree.swift in Sources */ = {isa = PBXBuildFile; fileRef = 3000901222C4B14F0067A1D5 /* LinkList_109_Convert_Sorted_List_to_Binary_Search_Tree.swift */; };
		3000902222C4D59B0067A1D5 /* LinkList_143_Reorder_List.swift in Sources */ = {isa = PBXBuildFile; fileRef = 3000902122C4D59B0067A1D5 /* LinkList_143_Reorder_List.swift */; };
		3000902422C4DD360067A1D5 /* LinkList_147_Insertion_Sort_List.swift in Sources */ = {isa = PBXBuildFile; fileRef = 3000902322C4DD360067A1D5 /* LinkList_147_Insertion_Sort_List.swift */; };
		3000902622C4E59C0067A1D5 /* LinkList_148_Sort_List.swift in Sources */ = {isa = PBXBuildFile; fileRef = 3000902522C4E59C0067A1D5 /* LinkList_148_Sort_List.swift */; };
		3011654722DEACA4006C773C /* 分治思想.swift in Sources */ = {isa = PBXBuildFile; fileRef = 3011654622DEACA4006C773C /* 分治思想.swift */; };
		3011654922DECB8A006C773C /* 回溯思想.swift in Sources */ = {isa = PBXBuildFile; fileRef = 3011654822DECB8A006C773C /* 回溯思想.swift */; };
		30252FB822E557E3003C176E /* BreadthFirstPaths.swift in Sources */ = {isa = PBXBuildFile; fileRef = 30252FB722E557E3003C176E /* BreadthFirstPaths.swift */; };
		30252FBA22E56518003C176E /* CC.swift in Sources */ = {isa = PBXBuildFile; fileRef = 30252FB922E56518003C176E /* CC.swift */; };
		3028B7DD22BA4E1200C43294 /* DoubleLinkList.swift in Sources */ = {isa = PBXBuildFile; fileRef = 3028B7DC22BA4E1200C43294 /* DoubleLinkList.swift */; };
		304263EB22E016F300BED941 /* 动态规划.swift in Sources */ = {isa = PBXBuildFile; fileRef = 304263EA22E016F300BED941 /* 动态规划.swift */; };
		304CA43822C30C4200D9BEAD /* LinkLIst_23_Merge_k_Sorted_Lists.swift in Sources */ = {isa = PBXBuildFile; fileRef = 304CA43722C30C4200D9BEAD /* LinkLIst_23_Merge_k_Sorted_Lists.swift */; };
		304CA43A22C3795400D9BEAD /* LinkLIst_24_Swap_Nodes_in_Pairs.swift in Sources */ = {isa = PBXBuildFile; fileRef = 304CA43922C3795400D9BEAD /* LinkLIst_24_Swap_Nodes_in_Pairs.swift */; };
		304CA43C22C3890800D9BEAD /* LinkList_25_Reverse_Nodes_in_k_Group.swift in Sources */ = {isa = PBXBuildFile; fileRef = 304CA43B22C3890800D9BEAD /* LinkList_25_Reverse_Nodes_in_k_Group.swift */; };
		305564A422C0A49A00272952 /* LinkList_19_删除链表的倒数第N个节点.swift in Sources */ = {isa = PBXBuildFile; fileRef = 305564A322C0A49A00272952 /* LinkList_19_删除链表的倒数第N个节点.swift */; };
		305564A622C0D2BF00272952 /* LinkList_21_合并两个有序链表.swift in Sources */ = {isa = PBXBuildFile; fileRef = 305564A522C0D2BF00272952 /* LinkList_21_合并两个有序链表.swift */; };
		305564A822C0E3A500272952 /* LinkLIst_1019_链表中的下一个更大节点.swift in Sources */ = {isa = PBXBuildFile; fileRef = 305564A722C0E3A500272952 /* LinkLIst_1019_链表中的下一个更大节点.swift */; };
		305679D222E6A29E002A6B9B /* DirectedCycle.swift in Sources */ = {isa = PBXBuildFile; fileRef = 305679D122E6A29E002A6B9B /* DirectedCycle.swift */; };
		305679DA22E6B546002A6B9B /* DepthFirstOrder.swift in Sources */ = {isa = PBXBuildFile; fileRef = 305679D922E6B546002A6B9B /* DepthFirstOrder.swift */; };
		305679DD22E6D8FC002A6B9B /* Topological.swift in Sources */ = {isa = PBXBuildFile; fileRef = 305679DC22E6D8FC002A6B9B /* Topological.swift */; };
		305679DF22E6EEAE002A6B9B /* KosarajuCC.swift in Sources */ = {isa = PBXBuildFile; fileRef = 305679DE22E6EEAE002A6B9B /* KosarajuCC.swift */; };
		305679E222E702BC002A6B9B /* Edge.swift in Sources */ = {isa = PBXBuildFile; fileRef = 305679E122E702BC002A6B9B /* Edge.swift */; };
		305679E422E71771002A6B9B /* EdgeWeightedGraph.swift in Sources */ = {isa = PBXBuildFile; fileRef = 305679E322E71771002A6B9B /* EdgeWeightedGraph.swift */; };
		3059B08022E3326800036A4F /* DepthFirstSearch.swift in Sources */ = {isa = PBXBuildFile; fileRef = 3059B07F22E3326800036A4F /* DepthFirstSearch.swift */; };
		3059B08422E48EC400036A4F /* DepthFirstPath.swift in Sources */ = {isa = PBXBuildFile; fileRef = 3059B08322E48EC400036A4F /* DepthFirstPath.swift */; };
		305AED7222E14E5C00D912AC /* 动态规划实战.swift in Sources */ = {isa = PBXBuildFile; fileRef = 305AED7122E14E5C00D912AC /* 动态规划实战.swift */; };
		305AED7422E171FD00D912AC /* Topo排序.swift in Sources */ = {isa = PBXBuildFile; fileRef = 305AED7322E171FD00D912AC /* Topo排序.swift */; };
		305AED7722E1A32F00D912AC /* Graph.swift in Sources */ = {isa = PBXBuildFile; fileRef = 305AED7622E1A32F00D912AC /* Graph.swift */; };
		305AED7922E1ACC400D912AC /* ReadFile.swift in Sources */ = {isa = PBXBuildFile; fileRef = 305AED7822E1ACC400D912AC /* ReadFile.swift */; };
		305AED7C22E1B08E00D912AC /* common.swift in Sources */ = {isa = PBXBuildFile; fileRef = 305AED7B22E1B08E00D912AC /* common.swift */; };
		305C940222E5EC4C00F388E1 /* DirectedDFS.swift in Sources */ = {isa = PBXBuildFile; fileRef = 305C940122E5EC4C00F388E1 /* DirectedDFS.swift */; };
		306CD2BE22D89B58007D34E2 /* KMP.swift in Sources */ = {isa = PBXBuildFile; fileRef = 306CD2BD22D89B58007D34E2 /* KMP.swift */; };
		306D545222E5B28C00E51C8A /* Digraph.swift in Sources */ = {isa = PBXBuildFile; fileRef = 306D545122E5B28C00E51C8A /* Digraph.swift */; };
		307FB86022BC898D00B397CB /* CircleLinkList.swift in Sources */ = {isa = PBXBuildFile; fileRef = 307FB85F22BC898D00B397CB /* CircleLinkList.swift */; };
		307FB86222BCC3B100B397CB /* CircleDoubleLInkList.swift in Sources */ = {isa = PBXBuildFile; fileRef = 307FB86122BCC3B100B397CB /* CircleDoubleLInkList.swift */; };
		307FB86422BCFD6300B397CB /* LinkList_237_删除链表中的节点.swift in Sources */ = {isa = PBXBuildFile; fileRef = 307FB86322BCFD6300B397CB /* LinkList_237_删除链表中的节点.swift */; };
		30B28DB122C5A95300D8E512 /* LinkList_203_Remove_Linked_List_Elements.swift in Sources */ = {isa = PBXBuildFile; fileRef = 30B28DB022C5A95300D8E512 /* LinkList_203_Remove_Linked_List_Elements.swift */; };
		30B28DB322C5ABA300D8E512 /* LinkList_206_Reverse_Linked_List.swift in Sources */ = {isa = PBXBuildFile; fileRef = 30B28DB222C5ABA300D8E512 /* LinkList_206_Reverse_Linked_List.swift */; };
		30B28DB522C5BFB700D8E512 /* LinkList_328_Odd_Even_Linked_List.swift in Sources */ = {isa = PBXBuildFile; fileRef = 30B28DB422C5BFB700D8E512 /* LinkList_328_Odd_Even_Linked_List.swift */; };
		30B28DB722C5E0F100D8E512 /* LinkList_234_Palindrome_Linked_List.swift in Sources */ = {isa = PBXBuildFile; fileRef = 30B28DB622C5E0F100D8E512 /* LinkList_234_Palindrome_Linked_List.swift */; };
		30B28DB922C5EA0800D8E512 /* LinkList_445_Add_Two_Numbers_II.swift in Sources */ = {isa = PBXBuildFile; fileRef = 30B28DB822C5EA0800D8E512 /* LinkList_445_Add_Two_Numbers_II.swift */; };
		30B28DBB22C5FBE900D8E512 /* LinkList_876_Middle_of_the_Linked_List.swift in Sources */ = {isa = PBXBuildFile; fileRef = 30B28DBA22C5FBE900D8E512 /* LinkList_876_Middle_of_the_Linked_List.swift */; };
		30B28DBD22C6053600D8E512 /* LinkList_707_Design_Linked_List.swift in Sources */ = {isa = PBXBuildFile; fileRef = 30B28DBC22C6053600D8E512 /* LinkList_707_Design_Linked_List.swift */; };
		30B28DBF22C6058A00D8E512 /* LinkList_817_Linked_List_Components.swift in Sources */ = {isa = PBXBuildFile; fileRef = 30B28DBE22C6058A00D8E512 /* LinkList_817_Linked_List_Components.swift */; };
		30B28DC122C6188200D8E512 /* LinkList_725_Split_Linked_List_in_Parts.swift in Sources */ = {isa = PBXBuildFile; fileRef = 30B28DC022C6188200D8E512 /* LinkList_725_Split_Linked_List_in_Parts.swift */; };
		30C1875922C2019C00DEF2DC /* LinkList_160_相交链表.swift in Sources */ = {isa = PBXBuildFile; fileRef = 30C1875822C2019C00DEF2DC /* LinkList_160_相交链表.swift */; };
		30C1875B22C223E700DEF2DC /* LeetCode_LinkList.swift in Sources */ = {isa = PBXBuildFile; fileRef = 30C1875A22C223E700DEF2DC /* LeetCode_LinkList.swift */; };
		30CEE44922E7FE5F00D5E3AD /* Stack.swift in Sources */ = {isa = PBXBuildFile; fileRef = 30CEE44622E7FE5F00D5E3AD /* Stack.swift */; };
		30CEE44A22E7FE5F00D5E3AD /* MinPQ.swift in Sources */ = {isa = PBXBuildFile; fileRef = 30CEE44722E7FE5F00D5E3AD /* MinPQ.swift */; };
		30CEE44B22E7FE5F00D5E3AD /* Queue.swift in Sources */ = {isa = PBXBuildFile; fileRef = 30CEE44822E7FE5F00D5E3AD /* Queue.swift */; };
		30CEE44D22E7FECF00D5E3AD /* LazyPrimMST.swift in Sources */ = {isa = PBXBuildFile; fileRef = 30CEE44C22E7FECF00D5E3AD /* LazyPrimMST.swift */; };
		30CEE44F22E83ECF00D5E3AD /* IndexMinPQ.swift in Sources */ = {isa = PBXBuildFile; fileRef = 30CEE44E22E83ECF00D5E3AD /* IndexMinPQ.swift */; };
		30CEE45122E858FD00D5E3AD /* PrimMST.swift in Sources */ = {isa = PBXBuildFile; fileRef = 30CEE45022E858FD00D5E3AD /* PrimMST.swift */; };
		30D109A522BA258500CCED2C /* PrintLink.swift in Sources */ = {isa = PBXBuildFile; fileRef = 30D109A422BA258500CCED2C /* PrintLink.swift */; };
		30D5A7DF22B9C5FB00CAB830 /* main.swift in Sources */ = {isa = PBXBuildFile; fileRef = 30D5A7DE22B9C5FB00CAB830 /* main.swift */; };
		30D5A7E622B9C63200CAB830 /* ListProtocal.swift in Sources */ = {isa = PBXBuildFile; fileRef = 30D5A7E522B9C63200CAB830 /* ListProtocal.swift */; };
		30D5A7EB22B9D68600CAB830 /* LinkList.swift in Sources */ = {isa = PBXBuildFile; fileRef = 30D5A7EA22B9D68600CAB830 /* LinkList.swift */; };
		30F552E022DD5FDE00C6D128 /* AC.swift in Sources */ = {isa = PBXBuildFile; fileRef = 30F552DF22DD5FDE00C6D128 /* AC.swift */; };
		30F941D522BFBA210076EF2C /* LinkList_2_两数相加.swift in Sources */ = {isa = PBXBuildFile; fileRef = 30F941D422BFBA210076EF2C /* LinkList_2_两数相加.swift */; };
/* End PBXBuildFile section */

/* Begin PBXCopyFilesBuildPhase section */
		30D5A7D922B9C5FB00CAB830 /* CopyFiles */ = {
			isa = PBXCopyFilesBuildPhase;
			buildActionMask = 2147483647;
			dstPath = /usr/share/man/man1/;
			dstSubfolderSpec = 0;
			files = (
			);
			runOnlyForDeploymentPostprocessing = 1;
		};
/* End PBXCopyFilesBuildPhase section */

/* Begin PBXFileReference section */
		3000900822C454E50067A1D5 /* LinkList_61_Rotate_List.swift */ = {isa = PBXFileReference; lastKnownFileType = sourcecode.swift; path = LinkList_61_Rotate_List.swift; sourceTree = "<group>"; };
		3000900A22C463170067A1D5 /* LinkLIst_82_Remove_Duplicates_from_Sorted_List.swift */ = {isa = PBXFileReference; lastKnownFileType = sourcecode.swift; path = LinkLIst_82_Remove_Duplicates_from_Sorted_List.swift; sourceTree = "<group>"; };
		3000900C22C492A40067A1D5 /* LinkList_83_Remove_Duplicates_from_Sorted_List.swift */ = {isa = PBXFileReference; lastKnownFileType = sourcecode.swift; path = LinkList_83_Remove_Duplicates_from_Sorted_List.swift; sourceTree = "<group>"; };
		3000900E22C494380067A1D5 /* LinkList_86_Partition_List.swift */ = {isa = PBXFileReference; lastKnownFileType = sourcecode.swift; path = LinkList_86_Partition_List.swift; sourceTree = "<group>"; };
		3000901022C49CE60067A1D5 /* LinkList_92_Reverse_Linked_List.swift */ = {isa = PBXFileReference; lastKnownFileType = sourcecode.swift; path = LinkList_92_Reverse_Linked_List.swift; sourceTree = "<group>"; };
		3000901222C4B14F0067A1D5 /* LinkList_109_Convert_Sorted_List_to_Binary_Search_Tree.swift */ = {isa = PBXFileReference; lastKnownFileType = sourcecode.swift; path = LinkList_109_Convert_Sorted_List_to_Binary_Search_Tree.swift; sourceTree = "<group>"; };
		3000901422C4C0550067A1D5 /* DataStruct-Bridging-Header.h */ = {isa = PBXFileReference; lastKnownFileType = sourcecode.c.h; path = "DataStruct-Bridging-Header.h"; sourceTree = "<group>"; };
		3000901622C4C0560067A1D5 /* LinkList_138_Copy_List_with_Random_Pointer.hpp */ = {isa = PBXFileReference; lastKnownFileType = sourcecode.cpp.h; path = LinkList_138_Copy_List_with_Random_Pointer.hpp; sourceTree = "<group>"; };
		3000901922C4C5290067A1D5 /* LinkLIst_141_Linked_List_Cycle.hpp */ = {isa = PBXFileReference; lastKnownFileType = sourcecode.cpp.h; path = LinkLIst_141_Linked_List_Cycle.hpp; sourceTree = "<group>"; };
		3000901F22C4C7090067A1D5 /* LinkList_142_Linked_List_Cycle_II.hpp */ = {isa = PBXFileReference; lastKnownFileType = sourcecode.cpp.h; path = LinkList_142_Linked_List_Cycle_II.hpp; sourceTree = "<group>"; };
		3000902122C4D59B0067A1D5 /* LinkList_143_Reorder_List.swift */ = {isa = PBXFileReference; lastKnownFileType = sourcecode.swift; path = LinkList_143_Reorder_List.swift; sourceTree = "<group>"; };
		3000902322C4DD360067A1D5 /* LinkList_147_Insertion_Sort_List.swift */ = {isa = PBXFileReference; lastKnownFileType = sourcecode.swift; path = LinkList_147_Insertion_Sort_List.swift; sourceTree = "<group>"; };
		3000902522C4E59C0067A1D5 /* LinkList_148_Sort_List.swift */ = {isa = PBXFileReference; lastKnownFileType = sourcecode.swift; path = LinkList_148_Sort_List.swift; sourceTree = "<group>"; };
		3011654622DEACA4006C773C /* 分治思想.swift */ = {isa = PBXFileReference; lastKnownFileType = sourcecode.swift; path = "分治思想.swift"; sourceTree = "<group>"; };
		3011654822DECB8A006C773C /* 回溯思想.swift */ = {isa = PBXFileReference; lastKnownFileType = sourcecode.swift; path = "回溯思想.swift"; sourceTree = "<group>"; };
		30252FB622E5489A003C176E /* tinyGG.txt */ = {isa = PBXFileReference; fileEncoding = 4; lastKnownFileType = text; path = tinyGG.txt; sourceTree = "<group>"; };
		30252FB722E557E3003C176E /* BreadthFirstPaths.swift */ = {isa = PBXFileReference; lastKnownFileType = sourcecode.swift; path = BreadthFirstPaths.swift; sourceTree = "<group>"; };
		30252FB922E56518003C176E /* CC.swift */ = {isa = PBXFileReference; lastKnownFileType = sourcecode.swift; path = CC.swift; sourceTree = "<group>"; };
		3028B7DC22BA4E1200C43294 /* DoubleLinkList.swift */ = {isa = PBXFileReference; lastKnownFileType = sourcecode.swift; path = DoubleLinkList.swift; sourceTree = "<group>"; };
		304263EA22E016F300BED941 /* 动态规划.swift */ = {isa = PBXFileReference; lastKnownFileType = sourcecode.swift; path = "动态规划.swift"; sourceTree = "<group>"; };
		304CA43722C30C4200D9BEAD /* LinkLIst_23_Merge_k_Sorted_Lists.swift */ = {isa = PBXFileReference; lastKnownFileType = sourcecode.swift; path = LinkLIst_23_Merge_k_Sorted_Lists.swift; sourceTree = "<group>"; };
		304CA43922C3795400D9BEAD /* LinkLIst_24_Swap_Nodes_in_Pairs.swift */ = {isa = PBXFileReference; lastKnownFileType = sourcecode.swift; path = LinkLIst_24_Swap_Nodes_in_Pairs.swift; sourceTree = "<group>"; };
		304CA43B22C3890800D9BEAD /* LinkList_25_Reverse_Nodes_in_k_Group.swift */ = {isa = PBXFileReference; lastKnownFileType = sourcecode.swift; path = LinkList_25_Reverse_Nodes_in_k_Group.swift; sourceTree = "<group>"; };
		305564A322C0A49A00272952 /* LinkList_19_删除链表的倒数第N个节点.swift */ = {isa = PBXFileReference; lastKnownFileType = sourcecode.swift; path = "LinkList_19_删除链表的倒数第N个节点.swift"; sourceTree = "<group>"; };
		305564A522C0D2BF00272952 /* LinkList_21_合并两个有序链表.swift */ = {isa = PBXFileReference; lastKnownFileType = sourcecode.swift; path = "LinkList_21_合并两个有序链表.swift"; sourceTree = "<group>"; };
		305564A722C0E3A500272952 /* LinkLIst_1019_链表中的下一个更大节点.swift */ = {isa = PBXFileReference; lastKnownFileType = sourcecode.swift; path = "LinkLIst_1019_链表中的下一个更大节点.swift"; sourceTree = "<group>"; };
		305679D122E6A29E002A6B9B /* DirectedCycle.swift */ = {isa = PBXFileReference; lastKnownFileType = sourcecode.swift; path = DirectedCycle.swift; sourceTree = "<group>"; };
		305679D722E6B250002A6B9B /* tinyDG_Cycle1.txt */ = {isa = PBXFileReference; fileEncoding = 4; lastKnownFileType = text; path = tinyDG_Cycle1.txt; sourceTree = "<group>"; };
		305679D822E6B2D2002A6B9B /* tinyDG_Cycle2.txt */ = {isa = PBXFileReference; fileEncoding = 4; lastKnownFileType = text; path = tinyDG_Cycle2.txt; sourceTree = "<group>"; };
		305679D922E6B546002A6B9B /* DepthFirstOrder.swift */ = {isa = PBXFileReference; lastKnownFileType = sourcecode.swift; path = DepthFirstOrder.swift; sourceTree = "<group>"; };
		305679DB22E6D7BB002A6B9B /* tinyDG_Topo.txt */ = {isa = PBXFileReference; fileEncoding = 4; lastKnownFileType = text; path = tinyDG_Topo.txt; sourceTree = "<group>"; };
		305679DC22E6D8FC002A6B9B /* Topological.swift */ = {isa = PBXFileReference; lastKnownFileType = sourcecode.swift; path = Topological.swift; sourceTree = "<group>"; };
		305679DE22E6EEAE002A6B9B /* KosarajuCC.swift */ = {isa = PBXFileReference; lastKnownFileType = sourcecode.swift; path = KosarajuCC.swift; sourceTree = "<group>"; };
		305679E122E702BC002A6B9B /* Edge.swift */ = {isa = PBXFileReference; lastKnownFileType = sourcecode.swift; path = Edge.swift; sourceTree = "<group>"; };
		305679E322E71771002A6B9B /* EdgeWeightedGraph.swift */ = {isa = PBXFileReference; lastKnownFileType = sourcecode.swift; path = EdgeWeightedGraph.swift; sourceTree = "<group>"; };
		305679E522E72022002A6B9B /* tinyEWG.txt */ = {isa = PBXFileReference; fileEncoding = 4; lastKnownFileType = text; path = tinyEWG.txt; sourceTree = "<group>"; };
		3059B07F22E3326800036A4F /* DepthFirstSearch.swift */ = {isa = PBXFileReference; lastKnownFileType = sourcecode.swift; path = DepthFirstSearch.swift; sourceTree = "<group>"; };
		3059B08322E48EC400036A4F /* DepthFirstPath.swift */ = {isa = PBXFileReference; lastKnownFileType = sourcecode.swift; path = DepthFirstPath.swift; sourceTree = "<group>"; };
		305AED7122E14E5C00D912AC /* 动态规划实战.swift */ = {isa = PBXFileReference; lastKnownFileType = sourcecode.swift; path = "动态规划实战.swift"; sourceTree = "<group>"; };
		305AED7322E171FD00D912AC /* Topo排序.swift */ = {isa = PBXFileReference; lastKnownFileType = sourcecode.swift; path = "Topo排序.swift"; sourceTree = "<group>"; };
		305AED7622E1A32F00D912AC /* Graph.swift */ = {isa = PBXFileReference; lastKnownFileType = sourcecode.swift; path = Graph.swift; sourceTree = "<group>"; };
		305AED7822E1ACC400D912AC /* ReadFile.swift */ = {isa = PBXFileReference; lastKnownFileType = sourcecode.swift; path = ReadFile.swift; sourceTree = "<group>"; };
		305AED7B22E1B08E00D912AC /* common.swift */ = {isa = PBXFileReference; lastKnownFileType = sourcecode.swift; path = common.swift; sourceTree = "<group>"; };
		305AED7D22E1CB9B00D912AC /* tiny.txt */ = {isa = PBXFileReference; fileEncoding = 4; lastKnownFileType = text; path = tiny.txt; sourceTree = "<group>"; };
		305C940122E5EC4C00F388E1 /* DirectedDFS.swift */ = {isa = PBXFileReference; lastKnownFileType = sourcecode.swift; path = DirectedDFS.swift; sourceTree = "<group>"; };
		306CD2BD22D89B58007D34E2 /* KMP.swift */ = {isa = PBXFileReference; lastKnownFileType = sourcecode.swift; path = KMP.swift; sourceTree = "<group>"; };
		306D545122E5B28C00E51C8A /* Digraph.swift */ = {isa = PBXFileReference; lastKnownFileType = sourcecode.swift; path = Digraph.swift; sourceTree = "<group>"; };
		306D545322E5C15300E51C8A /* tinyDG.txt */ = {isa = PBXFileReference; fileEncoding = 4; lastKnownFileType = text; path = tinyDG.txt; sourceTree = "<group>"; };
		307FB85F22BC898D00B397CB /* CircleLinkList.swift */ = {isa = PBXFileReference; lastKnownFileType = sourcecode.swift; path = CircleLinkList.swift; sourceTree = "<group>"; };
		307FB86122BCC3B100B397CB /* CircleDoubleLInkList.swift */ = {isa = PBXFileReference; lastKnownFileType = sourcecode.swift; path = CircleDoubleLInkList.swift; sourceTree = "<group>"; };
		307FB86322BCFD6300B397CB /* LinkList_237_删除链表中的节点.swift */ = {isa = PBXFileReference; lastKnownFileType = sourcecode.swift; path = "LinkList_237_删除链表中的节点.swift"; sourceTree = "<group>"; };
		30B28DB022C5A95300D8E512 /* LinkList_203_Remove_Linked_List_Elements.swift */ = {isa = PBXFileReference; lastKnownFileType = sourcecode.swift; path = LinkList_203_Remove_Linked_List_Elements.swift; sourceTree = "<group>"; };
		30B28DB222C5ABA300D8E512 /* LinkList_206_Reverse_Linked_List.swift */ = {isa = PBXFileReference; lastKnownFileType = sourcecode.swift; path = LinkList_206_Reverse_Linked_List.swift; sourceTree = "<group>"; };
		30B28DB422C5BFB700D8E512 /* LinkList_328_Odd_Even_Linked_List.swift */ = {isa = PBXFileReference; lastKnownFileType = sourcecode.swift; path = LinkList_328_Odd_Even_Linked_List.swift; sourceTree = "<group>"; };
		30B28DB622C5E0F100D8E512 /* LinkList_234_Palindrome_Linked_List.swift */ = {isa = PBXFileReference; lastKnownFileType = sourcecode.swift; path = LinkList_234_Palindrome_Linked_List.swift; sourceTree = "<group>"; };
		30B28DB822C5EA0800D8E512 /* LinkList_445_Add_Two_Numbers_II.swift */ = {isa = PBXFileReference; lastKnownFileType = sourcecode.swift; path = LinkList_445_Add_Two_Numbers_II.swift; sourceTree = "<group>"; };
		30B28DBA22C5FBE900D8E512 /* LinkList_876_Middle_of_the_Linked_List.swift */ = {isa = PBXFileReference; lastKnownFileType = sourcecode.swift; path = LinkList_876_Middle_of_the_Linked_List.swift; sourceTree = "<group>"; };
		30B28DBC22C6053600D8E512 /* LinkList_707_Design_Linked_List.swift */ = {isa = PBXFileReference; lastKnownFileType = sourcecode.swift; path = LinkList_707_Design_Linked_List.swift; sourceTree = "<group>"; };
		30B28DBE22C6058A00D8E512 /* LinkList_817_Linked_List_Components.swift */ = {isa = PBXFileReference; lastKnownFileType = sourcecode.swift; path = LinkList_817_Linked_List_Components.swift; sourceTree = "<group>"; };
		30B28DC022C6188200D8E512 /* LinkList_725_Split_Linked_List_in_Parts.swift */ = {isa = PBXFileReference; lastKnownFileType = sourcecode.swift; path = LinkList_725_Split_Linked_List_in_Parts.swift; sourceTree = "<group>"; };
		30C1875822C2019C00DEF2DC /* LinkList_160_相交链表.swift */ = {isa = PBXFileReference; lastKnownFileType = sourcecode.swift; path = "LinkList_160_相交链表.swift"; sourceTree = "<group>"; };
		30C1875A22C223E700DEF2DC /* LeetCode_LinkList.swift */ = {isa = PBXFileReference; lastKnownFileType = sourcecode.swift; path = LeetCode_LinkList.swift; sourceTree = "<group>"; };
		30CEE44622E7FE5F00D5E3AD /* Stack.swift */ = {isa = PBXFileReference; fileEncoding = 4; lastKnownFileType = sourcecode.swift; path = Stack.swift; sourceTree = "<group>"; };
		30CEE44722E7FE5F00D5E3AD /* MinPQ.swift */ = {isa = PBXFileReference; fileEncoding = 4; lastKnownFileType = sourcecode.swift; path = MinPQ.swift; sourceTree = "<group>"; };
		30CEE44822E7FE5F00D5E3AD /* Queue.swift */ = {isa = PBXFileReference; fileEncoding = 4; lastKnownFileType = sourcecode.swift; path = Queue.swift; sourceTree = "<group>"; };
		30CEE44C22E7FECF00D5E3AD /* LazyPrimMST.swift */ = {isa = PBXFileReference; lastKnownFileType = sourcecode.swift; path = LazyPrimMST.swift; sourceTree = "<group>"; };
		30CEE44E22E83ECF00D5E3AD /* IndexMinPQ.swift */ = {isa = PBXFileReference; lastKnownFileType = sourcecode.swift; path = IndexMinPQ.swift; sourceTree = "<group>"; };
		30CEE45022E858FD00D5E3AD /* PrimMST.swift */ = {isa = PBXFileReference; lastKnownFileType = sourcecode.swift; path = PrimMST.swift; sourceTree = "<group>"; };
		30D109A422BA258500CCED2C /* PrintLink.swift */ = {isa = PBXFileReference; lastKnownFileType = sourcecode.swift; path = PrintLink.swift; sourceTree = "<group>"; };
		30D5A7DB22B9C5FB00CAB830 /* DataStruct */ = {isa = PBXFileReference; explicitFileType = "compiled.mach-o.executable"; includeInIndex = 0; path = DataStruct; sourceTree = BUILT_PRODUCTS_DIR; };
		30D5A7DE22B9C5FB00CAB830 /* main.swift */ = {isa = PBXFileReference; lastKnownFileType = sourcecode.swift; path = main.swift; sourceTree = "<group>"; };
		30D5A7E522B9C63200CAB830 /* ListProtocal.swift */ = {isa = PBXFileReference; lastKnownFileType = sourcecode.swift; path = ListProtocal.swift; sourceTree = "<group>"; };
		30D5A7EA22B9D68600CAB830 /* LinkList.swift */ = {isa = PBXFileReference; lastKnownFileType = sourcecode.swift; path = LinkList.swift; sourceTree = "<group>"; };
		30F552DF22DD5FDE00C6D128 /* AC.swift */ = {isa = PBXFileReference; lastKnownFileType = sourcecode.swift; path = AC.swift; sourceTree = "<group>"; };
		30F941D422BFBA210076EF2C /* LinkList_2_两数相加.swift */ = {isa = PBXFileReference; lastKnownFileType = sourcecode.swift; path = "LinkList_2_两数相加.swift"; sourceTree = "<group>"; };
/* End PBXFileReference section */

/* Begin PBXFrameworksBuildPhase section */
		30D5A7D822B9C5FB00CAB830 /* Frameworks */ = {
			isa = PBXFrameworksBuildPhase;
			buildActionMask = 2147483647;
			files = (
			);
			runOnlyForDeploymentPostprocessing = 0;
		};
/* End PBXFrameworksBuildPhase section */

/* Begin PBXGroup section */
		305679E022E7029F002A6B9B /* 最小生成树 */ = {
			isa = PBXGroup;
			children = (
				305679E122E702BC002A6B9B /* Edge.swift */,
				305679E322E71771002A6B9B /* EdgeWeightedGraph.swift */,
				30CEE44C22E7FECF00D5E3AD /* LazyPrimMST.swift */,
				30CEE45022E858FD00D5E3AD /* PrimMST.swift */,
			);
			path = "最小生成树";
			sourceTree = "<group>";
		};
		305AED7522E1A31B00D912AC /* 图 */ = {
			isa = PBXGroup;
			children = (
				305679E022E7029F002A6B9B /* 最小生成树 */,
				306D545022E5B27300E51C8A /* 有向图 */,
				306D544F22E5B25A00E51C8A /* 无向图 */,
				306D544E22E5B24300E51C8A /* Resource */,
			);
			path = "图";
			sourceTree = "<group>";
		};
		305AED7A22E1B08200D912AC /* Tool */ = {
			isa = PBXGroup;
			children = (
				305AED7822E1ACC400D912AC /* ReadFile.swift */,
				305AED7B22E1B08E00D912AC /* common.swift */,
			);
			path = Tool;
			sourceTree = "<group>";
		};
		306CD2BC22D89B44007D34E2 /* alg */ = {
			isa = PBXGroup;
			children = (
				305AED7522E1A31B00D912AC /* 图 */,
				306CD2BD22D89B58007D34E2 /* KMP.swift */,
				3011654822DECB8A006C773C /* 回溯思想.swift */,
				30F552DF22DD5FDE00C6D128 /* AC.swift */,
				3011654622DEACA4006C773C /* 分治思想.swift */,
				304263EA22E016F300BED941 /* 动态规划.swift */,
				305AED7122E14E5C00D912AC /* 动态规划实战.swift */,
				305AED7322E171FD00D912AC /* Topo排序.swift */,
			);
			path = alg;
			sourceTree = "<group>";
		};
		306D544E22E5B24300E51C8A /* Resource */ = {
			isa = PBXGroup;
			children = (
				305679E522E72022002A6B9B /* tinyEWG.txt */,
				305679DB22E6D7BB002A6B9B /* tinyDG_Topo.txt */,
				305679D822E6B2D2002A6B9B /* tinyDG_Cycle2.txt */,
				305679D722E6B250002A6B9B /* tinyDG_Cycle1.txt */,
				306D545322E5C15300E51C8A /* tinyDG.txt */,
				30252FB622E5489A003C176E /* tinyGG.txt */,
				305AED7D22E1CB9B00D912AC /* tiny.txt */,
			);
			path = Resource;
			sourceTree = "<group>";
		};
		306D544F22E5B25A00E51C8A /* 无向图 */ = {
			isa = PBXGroup;
			children = (
				305AED7622E1A32F00D912AC /* Graph.swift */,
				3059B07F22E3326800036A4F /* DepthFirstSearch.swift */,
				3059B08322E48EC400036A4F /* DepthFirstPath.swift */,
				30252FB722E557E3003C176E /* BreadthFirstPaths.swift */,
				30252FB922E56518003C176E /* CC.swift */,
			);
			path = "无向图";
			sourceTree = "<group>";
		};
		306D545022E5B27300E51C8A /* 有向图 */ = {
			isa = PBXGroup;
			children = (
				306D545122E5B28C00E51C8A /* Digraph.swift */,
				305C940122E5EC4C00F388E1 /* DirectedDFS.swift */,
				305679D122E6A29E002A6B9B /* DirectedCycle.swift */,
				305679D922E6B546002A6B9B /* DepthFirstOrder.swift */,
				305679DC22E6D8FC002A6B9B /* Topological.swift */,
				305679DE22E6EEAE002A6B9B /* KosarajuCC.swift */,
			);
			path = "有向图";
			sourceTree = "<group>";
		};
		30CEE44522E7FE5F00D5E3AD /* Base */ = {
			isa = PBXGroup;
			children = (
				30CEE44622E7FE5F00D5E3AD /* Stack.swift */,
				30CEE44722E7FE5F00D5E3AD /* MinPQ.swift */,
				30CEE44E22E83ECF00D5E3AD /* IndexMinPQ.swift */,
				30CEE44822E7FE5F00D5E3AD /* Queue.swift */,
			);
			path = Base;
			sourceTree = "<group>";
		};
		30D5A7D222B9C5FB00CAB830 = {
			isa = PBXGroup;
			children = (
				30CEE44522E7FE5F00D5E3AD /* Base */,
				305AED7A22E1B08200D912AC /* Tool */,
				306CD2BC22D89B44007D34E2 /* alg */,
				30D5A7DD22B9C5FB00CAB830 /* DataStruct */,
				30D5A7DC22B9C5FB00CAB830 /* Products */,
			);
			sourceTree = "<group>";
		};
		30D5A7DC22B9C5FB00CAB830 /* Products */ = {
			isa = PBXGroup;
			children = (
				30D5A7DB22B9C5FB00CAB830 /* DataStruct */,
			);
			name = Products;
			sourceTree = "<group>";
		};
		30D5A7DD22B9C5FB00CAB830 /* DataStruct */ = {
			isa = PBXGroup;
			children = (
				30D5A7E922B9D08C00CAB830 /* 线性表 */,
				30D5A7DE22B9C5FB00CAB830 /* main.swift */,
			);
			path = DataStruct;
			sourceTree = "<group>";
		};
		30D5A7E922B9D08C00CAB830 /* 线性表 */ = {
			isa = PBXGroup;
			children = (
				30D5A7E522B9C63200CAB830 /* ListProtocal.swift */,
				30D109A422BA258500CCED2C /* PrintLink.swift */,
				30D5A7EA22B9D68600CAB830 /* LinkList.swift */,
				307FB85F22BC898D00B397CB /* CircleLinkList.swift */,
				3028B7DC22BA4E1200C43294 /* DoubleLinkList.swift */,
				307FB86122BCC3B100B397CB /* CircleDoubleLInkList.swift */,
				30C1875A22C223E700DEF2DC /* LeetCode_LinkList.swift */,
				30F941D422BFBA210076EF2C /* LinkList_2_两数相加.swift */,
				305564A322C0A49A00272952 /* LinkList_19_删除链表的倒数第N个节点.swift */,
				305564A522C0D2BF00272952 /* LinkList_21_合并两个有序链表.swift */,
				304CA43722C30C4200D9BEAD /* LinkLIst_23_Merge_k_Sorted_Lists.swift */,
				304CA43922C3795400D9BEAD /* LinkLIst_24_Swap_Nodes_in_Pairs.swift */,
				304CA43B22C3890800D9BEAD /* LinkList_25_Reverse_Nodes_in_k_Group.swift */,
				3000900822C454E50067A1D5 /* LinkList_61_Rotate_List.swift */,
				3000900A22C463170067A1D5 /* LinkLIst_82_Remove_Duplicates_from_Sorted_List.swift */,
				3000900C22C492A40067A1D5 /* LinkList_83_Remove_Duplicates_from_Sorted_List.swift */,
				3000900E22C494380067A1D5 /* LinkList_86_Partition_List.swift */,
				3000901022C49CE60067A1D5 /* LinkList_92_Reverse_Linked_List.swift */,
				3000901222C4B14F0067A1D5 /* LinkList_109_Convert_Sorted_List_to_Binary_Search_Tree.swift */,
				3000901622C4C0560067A1D5 /* LinkList_138_Copy_List_with_Random_Pointer.hpp */,
				3000901922C4C5290067A1D5 /* LinkLIst_141_Linked_List_Cycle.hpp */,
				3000901F22C4C7090067A1D5 /* LinkList_142_Linked_List_Cycle_II.hpp */,
				3000902122C4D59B0067A1D5 /* LinkList_143_Reorder_List.swift */,
				3000902322C4DD360067A1D5 /* LinkList_147_Insertion_Sort_List.swift */,
				3000902522C4E59C0067A1D5 /* LinkList_148_Sort_List.swift */,
				30C1875822C2019C00DEF2DC /* LinkList_160_相交链表.swift */,
				30B28DB022C5A95300D8E512 /* LinkList_203_Remove_Linked_List_Elements.swift */,
				30B28DB222C5ABA300D8E512 /* LinkList_206_Reverse_Linked_List.swift */,
				30B28DB622C5E0F100D8E512 /* LinkList_234_Palindrome_Linked_List.swift */,
				307FB86322BCFD6300B397CB /* LinkList_237_删除链表中的节点.swift */,
				30B28DB422C5BFB700D8E512 /* LinkList_328_Odd_Even_Linked_List.swift */,
				30B28DB822C5EA0800D8E512 /* LinkList_445_Add_Two_Numbers_II.swift */,
				30B28DBC22C6053600D8E512 /* LinkList_707_Design_Linked_List.swift */,
				30B28DC022C6188200D8E512 /* LinkList_725_Split_Linked_List_in_Parts.swift */,
				30B28DBE22C6058A00D8E512 /* LinkList_817_Linked_List_Components.swift */,
				30B28DBA22C5FBE900D8E512 /* LinkList_876_Middle_of_the_Linked_List.swift */,
				305564A722C0E3A500272952 /* LinkLIst_1019_链表中的下一个更大节点.swift */,
				3000901422C4C0550067A1D5 /* DataStruct-Bridging-Header.h */,
			);
			path = "线性表";
			sourceTree = "<group>";
		};
/* End PBXGroup section */

/* Begin PBXNativeTarget section */
		30D5A7DA22B9C5FB00CAB830 /* DataStruct */ = {
			isa = PBXNativeTarget;
			buildConfigurationList = 30D5A7E222B9C5FB00CAB830 /* Build configuration list for PBXNativeTarget "DataStruct" */;
			buildPhases = (
				30D5A7D722B9C5FB00CAB830 /* Sources */,
				30D5A7D822B9C5FB00CAB830 /* Frameworks */,
				30D5A7D922B9C5FB00CAB830 /* CopyFiles */,
			);
			buildRules = (
			);
			dependencies = (
			);
			name = DataStruct;
			productName = DataStruct;
			productReference = 30D5A7DB22B9C5FB00CAB830 /* DataStruct */;
			productType = "com.apple.product-type.tool";
		};
/* End PBXNativeTarget section */

/* Begin PBXProject section */
		30D5A7D322B9C5FB00CAB830 /* Project object */ = {
			isa = PBXProject;
			attributes = {
				LastSwiftUpdateCheck = 1010;
				LastUpgradeCheck = 1010;
				ORGANIZATIONNAME = lijian;
				TargetAttributes = {
					30D5A7DA22B9C5FB00CAB830 = {
						CreatedOnToolsVersion = 10.1;
						LastSwiftMigration = 1010;
					};
				};
			};
			buildConfigurationList = 30D5A7D622B9C5FB00CAB830 /* Build configuration list for PBXProject "DataStruct" */;
			compatibilityVersion = "Xcode 9.3";
			developmentRegion = en;
			hasScannedForEncodings = 0;
			knownRegions = (
				en,
			);
			mainGroup = 30D5A7D222B9C5FB00CAB830;
			productRefGroup = 30D5A7DC22B9C5FB00CAB830 /* Products */;
			projectDirPath = "";
			projectRoot = "";
			targets = (
				30D5A7DA22B9C5FB00CAB830 /* DataStruct */,
			);
		};
/* End PBXProject section */

/* Begin PBXSourcesBuildPhase section */
		30D5A7D722B9C5FB00CAB830 /* Sources */ = {
			isa = PBXSourcesBuildPhase;
			buildActionMask = 2147483647;
			files = (
				306CD2BE22D89B58007D34E2 /* KMP.swift in Sources */,
				3000900D22C492A40067A1D5 /* LinkList_83_Remove_Duplicates_from_Sorted_List.swift in Sources */,
				307FB86422BCFD6300B397CB /* LinkList_237_删除链表中的节点.swift in Sources */,
				30CEE44A22E7FE5F00D5E3AD /* MinPQ.swift in Sources */,
				30CEE44F22E83ECF00D5E3AD /* IndexMinPQ.swift in Sources */,
				30D5A7DF22B9C5FB00CAB830 /* main.swift in Sources */,
				30B28DBF22C6058A00D8E512 /* LinkList_817_Linked_List_Components.swift in Sources */,
				305AED7922E1ACC400D912AC /* ReadFile.swift in Sources */,
				305564A422C0A49A00272952 /* LinkList_19_删除链表的倒数第N个节点.swift in Sources */,
				306D545222E5B28C00E51C8A /* Digraph.swift in Sources */,
				30CEE44B22E7FE5F00D5E3AD /* Queue.swift in Sources */,
				305AED7422E171FD00D912AC /* Topo排序.swift in Sources */,
				305679DA22E6B546002A6B9B /* DepthFirstOrder.swift in Sources */,
				30CEE44D22E7FECF00D5E3AD /* LazyPrimMST.swift in Sources */,
				3000902422C4DD360067A1D5 /* LinkList_147_Insertion_Sort_List.swift in Sources */,
				30CEE44922E7FE5F00D5E3AD /* Stack.swift in Sources */,
				3059B08422E48EC400036A4F /* DepthFirstPath.swift in Sources */,
				305679E222E702BC002A6B9B /* Edge.swift in Sources */,
				30C1875922C2019C00DEF2DC /* LinkList_160_相交链表.swift in Sources */,
				305564A822C0E3A500272952 /* LinkLIst_1019_链表中的下一个更大节点.swift in Sources */,
				30252FBA22E56518003C176E /* CC.swift in Sources */,
				304CA43A22C3795400D9BEAD /* LinkLIst_24_Swap_Nodes_in_Pairs.swift in Sources */,
				30B28DBB22C5FBE900D8E512 /* LinkList_876_Middle_of_the_Linked_List.swift in Sources */,
				305679DD22E6D8FC002A6B9B /* Topological.swift in Sources */,
				30D109A522BA258500CCED2C /* PrintLink.swift in Sources */,
				305AED7222E14E5C00D912AC /* 动态规划实战.swift in Sources */,
				305679D222E6A29E002A6B9B /* DirectedCycle.swift in Sources */,
				305C940222E5EC4C00F388E1 /* DirectedDFS.swift in Sources */,
				304263EB22E016F300BED941 /* 动态规划.swift in Sources */,
				30CEE45122E858FD00D5E3AD /* PrimMST.swift in Sources */,
				30D5A7EB22B9D68600CAB830 /* LinkList.swift in Sources */,
				30D5A7E622B9C63200CAB830 /* ListProtocal.swift in Sources */,
				3011654722DEACA4006C773C /* 分治思想.swift in Sources */,
				30252FB822E557E3003C176E /* BreadthFirstPaths.swift in Sources */,
				3000901122C49CE60067A1D5 /* LinkList_92_Reverse_Linked_List.swift in Sources */,
				305AED7722E1A32F00D912AC /* Graph.swift in Sources */,
				305679DF22E6EEAE002A6B9B /* KosarajuCC.swift in Sources */,
				30C1875B22C223E700DEF2DC /* LeetCode_LinkList.swift in Sources */,
				305679E422E71771002A6B9B /* EdgeWeightedGraph.swift in Sources */,
				30B28DBD22C6053600D8E512 /* LinkList_707_Design_Linked_List.swift in Sources */,
				304CA43C22C3890800D9BEAD /* LinkList_25_Reverse_Nodes_in_k_Group.swift in Sources */,
				3000900922C454E50067A1D5 /* LinkList_61_Rotate_List.swift in Sources */,
				30B28DB722C5E0F100D8E512 /* LinkList_234_Palindrome_Linked_List.swift in Sources */,
				304CA43822C30C4200D9BEAD /* LinkLIst_23_Merge_k_Sorted_Lists.swift in Sources */,
				30F552E022DD5FDE00C6D128 /* AC.swift in Sources */,
				3000901322C4B14F0067A1D5 /* LinkList_109_Convert_Sorted_List_to_Binary_Search_Tree.swift in Sources */,
				3000902222C4D59B0067A1D5 /* LinkList_143_Reorder_List.swift in Sources */,
				305564A622C0D2BF00272952 /* LinkList_21_合并两个有序链表.swift in Sources */,
				3000902622C4E59C0067A1D5 /* LinkList_148_Sort_List.swift in Sources */,
				3059B08022E3326800036A4F /* DepthFirstSearch.swift in Sources */,
				30B28DB122C5A95300D8E512 /* LinkList_203_Remove_Linked_List_Elements.swift in Sources */,
				30B28DC122C6188200D8E512 /* LinkList_725_Split_Linked_List_in_Parts.swift in Sources */,
				3028B7DD22BA4E1200C43294 /* DoubleLinkList.swift in Sources */,
				3000900F22C494380067A1D5 /* LinkList_86_Partition_List.swift in Sources */,
				307FB86222BCC3B100B397CB /* CircleDoubleLInkList.swift in Sources */,
				307FB86022BC898D00B397CB /* CircleLinkList.swift in Sources */,
				30B28DB522C5BFB700D8E512 /* LinkList_328_Odd_Even_Linked_List.swift in Sources */,
				30B28DB922C5EA0800D8E512 /* LinkList_445_Add_Two_Numbers_II.swift in Sources */,
				3011654922DECB8A006C773C /* 回溯思想.swift in Sources */,
				30F941D522BFBA210076EF2C /* LinkList_2_两数相加.swift in Sources */,
				30B28DB322C5ABA300D8E512 /* LinkList_206_Reverse_Linked_List.swift in Sources */,
				3000900B22C463170067A1D5 /* LinkLIst_82_Remove_Duplicates_from_Sorted_List.swift in Sources */,
				305AED7C22E1B08E00D912AC /* common.swift in Sources */,
			);
			runOnlyForDeploymentPostprocessing = 0;
		};
/* End PBXSourcesBuildPhase section */

/* Begin XCBuildConfiguration section */
		30D5A7E022B9C5FB00CAB830 /* Debug */ = {
			isa = XCBuildConfiguration;
			buildSettings = {
				ALWAYS_SEARCH_USER_PATHS = NO;
				CLANG_ANALYZER_NONNULL = YES;
				CLANG_ANALYZER_NUMBER_OBJECT_CONVERSION = YES_AGGRESSIVE;
				CLANG_CXX_LANGUAGE_STANDARD = "gnu++14";
				CLANG_CXX_LIBRARY = "libc++";
				CLANG_ENABLE_MODULES = YES;
				CLANG_ENABLE_OBJC_ARC = YES;
				CLANG_ENABLE_OBJC_WEAK = YES;
				CLANG_WARN_BLOCK_CAPTURE_AUTORELEASING = YES;
				CLANG_WARN_BOOL_CONVERSION = YES;
				CLANG_WARN_COMMA = YES;
				CLANG_WARN_CONSTANT_CONVERSION = YES;
				CLANG_WARN_DEPRECATED_OBJC_IMPLEMENTATIONS = YES;
				CLANG_WARN_DIRECT_OBJC_ISA_USAGE = YES_ERROR;
				CLANG_WARN_DOCUMENTATION_COMMENTS = YES;
				CLANG_WARN_EMPTY_BODY = YES;
				CLANG_WARN_ENUM_CONVERSION = YES;
				CLANG_WARN_INFINITE_RECURSION = YES;
				CLANG_WARN_INT_CONVERSION = YES;
				CLANG_WARN_NON_LITERAL_NULL_CONVERSION = YES;
				CLANG_WARN_OBJC_IMPLICIT_RETAIN_SELF = YES;
				CLANG_WARN_OBJC_LITERAL_CONVERSION = YES;
				CLANG_WARN_OBJC_ROOT_CLASS = YES_ERROR;
				CLANG_WARN_RANGE_LOOP_ANALYSIS = YES;
				CLANG_WARN_STRICT_PROTOTYPES = YES;
				CLANG_WARN_SUSPICIOUS_MOVE = YES;
				CLANG_WARN_UNGUARDED_AVAILABILITY = YES_AGGRESSIVE;
				CLANG_WARN_UNREACHABLE_CODE = YES;
				CLANG_WARN__DUPLICATE_METHOD_MATCH = YES;
				CODE_SIGN_IDENTITY = "Mac Developer";
				COPY_PHASE_STRIP = NO;
				DEBUG_INFORMATION_FORMAT = dwarf;
				ENABLE_STRICT_OBJC_MSGSEND = YES;
				ENABLE_TESTABILITY = YES;
				GCC_C_LANGUAGE_STANDARD = gnu11;
				GCC_DYNAMIC_NO_PIC = NO;
				GCC_NO_COMMON_BLOCKS = YES;
				GCC_OPTIMIZATION_LEVEL = 0;
				GCC_PREPROCESSOR_DEFINITIONS = (
					"DEBUG=1",
					"$(inherited)",
				);
				GCC_WARN_64_TO_32_BIT_CONVERSION = YES;
				GCC_WARN_ABOUT_RETURN_TYPE = YES_ERROR;
				GCC_WARN_UNDECLARED_SELECTOR = YES;
				GCC_WARN_UNINITIALIZED_AUTOS = YES_AGGRESSIVE;
				GCC_WARN_UNUSED_FUNCTION = YES;
				GCC_WARN_UNUSED_VARIABLE = YES;
				MACOSX_DEPLOYMENT_TARGET = 10.14;
				MTL_ENABLE_DEBUG_INFO = INCLUDE_SOURCE;
				MTL_FAST_MATH = YES;
				ONLY_ACTIVE_ARCH = YES;
				SDKROOT = macosx;
				SWIFT_ACTIVE_COMPILATION_CONDITIONS = DEBUG;
				SWIFT_OPTIMIZATION_LEVEL = "-Onone";
			};
			name = Debug;
		};
		30D5A7E122B9C5FB00CAB830 /* Release */ = {
			isa = XCBuildConfiguration;
			buildSettings = {
				ALWAYS_SEARCH_USER_PATHS = NO;
				CLANG_ANALYZER_NONNULL = YES;
				CLANG_ANALYZER_NUMBER_OBJECT_CONVERSION = YES_AGGRESSIVE;
				CLANG_CXX_LANGUAGE_STANDARD = "gnu++14";
				CLANG_CXX_LIBRARY = "libc++";
				CLANG_ENABLE_MODULES = YES;
				CLANG_ENABLE_OBJC_ARC = YES;
				CLANG_ENABLE_OBJC_WEAK = YES;
				CLANG_WARN_BLOCK_CAPTURE_AUTORELEASING = YES;
				CLANG_WARN_BOOL_CONVERSION = YES;
				CLANG_WARN_COMMA = YES;
				CLANG_WARN_CONSTANT_CONVERSION = YES;
				CLANG_WARN_DEPRECATED_OBJC_IMPLEMENTATIONS = YES;
				CLANG_WARN_DIRECT_OBJC_ISA_USAGE = YES_ERROR;
				CLANG_WARN_DOCUMENTATION_COMMENTS = YES;
				CLANG_WARN_EMPTY_BODY = YES;
				CLANG_WARN_ENUM_CONVERSION = YES;
				CLANG_WARN_INFINITE_RECURSION = YES;
				CLANG_WARN_INT_CONVERSION = YES;
				CLANG_WARN_NON_LITERAL_NULL_CONVERSION = YES;
				CLANG_WARN_OBJC_IMPLICIT_RETAIN_SELF = YES;
				CLANG_WARN_OBJC_LITERAL_CONVERSION = YES;
				CLANG_WARN_OBJC_ROOT_CLASS = YES_ERROR;
				CLANG_WARN_RANGE_LOOP_ANALYSIS = YES;
				CLANG_WARN_STRICT_PROTOTYPES = YES;
				CLANG_WARN_SUSPICIOUS_MOVE = YES;
				CLANG_WARN_UNGUARDED_AVAILABILITY = YES_AGGRESSIVE;
				CLANG_WARN_UNREACHABLE_CODE = YES;
				CLANG_WARN__DUPLICATE_METHOD_MATCH = YES;
				CODE_SIGN_IDENTITY = "Mac Developer";
				COPY_PHASE_STRIP = NO;
				DEBUG_INFORMATION_FORMAT = "dwarf-with-dsym";
				ENABLE_NS_ASSERTIONS = NO;
				ENABLE_STRICT_OBJC_MSGSEND = YES;
				GCC_C_LANGUAGE_STANDARD = gnu11;
				GCC_NO_COMMON_BLOCKS = YES;
				GCC_WARN_64_TO_32_BIT_CONVERSION = YES;
				GCC_WARN_ABOUT_RETURN_TYPE = YES_ERROR;
				GCC_WARN_UNDECLARED_SELECTOR = YES;
				GCC_WARN_UNINITIALIZED_AUTOS = YES_AGGRESSIVE;
				GCC_WARN_UNUSED_FUNCTION = YES;
				GCC_WARN_UNUSED_VARIABLE = YES;
				MACOSX_DEPLOYMENT_TARGET = 10.14;
				MTL_ENABLE_DEBUG_INFO = NO;
				MTL_FAST_MATH = YES;
				SDKROOT = macosx;
				SWIFT_COMPILATION_MODE = wholemodule;
				SWIFT_OPTIMIZATION_LEVEL = "-O";
			};
			name = Release;
		};
		30D5A7E322B9C5FB00CAB830 /* Debug */ = {
			isa = XCBuildConfiguration;
			buildSettings = {
				CLANG_ENABLE_MODULES = YES;
				CODE_SIGN_STYLE = Manual;
				DEVELOPMENT_TEAM = MNH8F7L6T8;
				LD_RUNPATH_SEARCH_PATHS = (
					"$(inherited)",
					"@executable_path/../Frameworks",
					"@loader_path/../Frameworks",
				);
				PRODUCT_NAME = "$(TARGET_NAME)";
				PROVISIONING_PROFILE_SPECIFIER = "";
				SWIFT_OBJC_BRIDGING_HEADER = "DataStruct/线性表/DataStruct-Bridging-Header.h";
				SWIFT_OPTIMIZATION_LEVEL = "-Onone";
				SWIFT_VERSION = 4.2;
			};
			name = Debug;
		};
		30D5A7E422B9C5FB00CAB830 /* Release */ = {
			isa = XCBuildConfiguration;
			buildSettings = {
				CLANG_ENABLE_MODULES = YES;
				CODE_SIGN_STYLE = Manual;
				DEVELOPMENT_TEAM = "";
				LD_RUNPATH_SEARCH_PATHS = (
					"$(inherited)",
					"@executable_path/../Frameworks",
					"@loader_path/../Frameworks",
				);
				PRODUCT_NAME = "$(TARGET_NAME)";
				PROVISIONING_PROFILE_SPECIFIER = "";
				SWIFT_OBJC_BRIDGING_HEADER = "DataStruct/线性表/DataStruct-Bridging-Header.h";
				SWIFT_VERSION = 4.2;
			};
			name = Release;
		};
/* End XCBuildConfiguration section */

/* Begin XCConfigurationList section */
		30D5A7D622B9C5FB00CAB830 /* Build configuration list for PBXProject "DataStruct" */ = {
			isa = XCConfigurationList;
			buildConfigurations = (
				30D5A7E022B9C5FB00CAB830 /* Debug */,
				30D5A7E122B9C5FB00CAB830 /* Release */,
			);
			defaultConfigurationIsVisible = 0;
			defaultConfigurationName = Release;
		};
		30D5A7E222B9C5FB00CAB830 /* Build configuration list for PBXNativeTarget "DataStruct" */ = {
			isa = XCConfigurationList;
			buildConfigurations = (
				30D5A7E322B9C5FB00CAB830 /* Debug */,
				30D5A7E422B9C5FB00CAB830 /* Release */,
			);
			defaultConfigurationIsVisible = 0;
			defaultConfigurationName = Release;
		};
/* End XCConfigurationList section */
	};
	rootObject = 30D5A7D322B9C5FB00CAB830 /* Project object */;
}
